
Microsoft Visual Studio Solution File, Format Version 12.00
# Visual Studio Version 16
VisualStudioVersion = 16.0.30804.86
MinimumVisualStudioVersion = 10.0.40219.1
Project("{FAE04EC0-301F-11D3-BF4B-00C04F79EFBC}") = "VPNRedial", "VPNRedial\VPNRedial.csproj", "{C28247FB-0C99-4A9C-9467-B755AE759F6C}"
EndProject
Project("{FAE04EC0-301F-11D3-BF4B-00C04F79EFBC}") = "AipSdk", "AipSdk\AipSdk.csproj", "{EB8F1053-5BF8-40AE-9883-53F32011D6D9}"
EndProject
Project("{FAE04EC0-301F-11D3-BF4B-00C04F79EFBC}") = "B1ImportTools", "B1ImportTools\B1ImportTools.csproj", "{9C563D72-7A03-4241-9BA6-F77BCEA3E0FA}"
EndProject
Project("{FAE04EC0-301F-11D3-BF4B-00C04F79EFBC}") = "BaseTest", "BaseTest\BaseTest.csproj", "{C86E38FA-DBD7-4B52-AE10-759C56118173}"
EndProject
Project("{FAE04EC0-301F-11D3-BF4B-00C04F79EFBC}") = "BatteryCheck", "BatteryCheck\BatteryCheck.csproj", "{AD2BB4F8-4451-4B43-9FEF-9642C4414F62}"
EndProject
Project("{FAE04EC0-301F-11D3-BF4B-00C04F79EFBC}") = "Bihu.GuoShouCai.Tools", "Bihu.GuoShouCai.Tools\Bihu.GuoShouCai.Tools.csproj", "{4177E0F6-3562-45F0-A1DF-2BC24BF7FFEB}"
EndProject
Project("{FAE04EC0-301F-11D3-BF4B-00C04F79EFBC}") = "FeiCheClient", "FeiCheClient\FeiCheClient.csproj", "{C2A2483D-E2E4-49FE-9F88-4ABB2099C3A3}"
EndProject
Project("{FAE04EC0-301F-11D3-BF4B-00C04F79EFBC}") = "FeiCheConsole", "FeiCheConsole\FeiCheConsole.csproj", "{A8062728-9822-4830-9D78-86ECC990B810}"
EndProject
Project("{FAE04EC0-301F-11D3-BF4B-00C04F79EFBC}") = "FeiCheHandler", "FeiCheHandler\FeiCheHandler.csproj", "{6A9F3B02-6A35-4CEA-9590-70211E079AD6}"
EndProject
Project("{FAE04EC0-301F-11D3-BF4B-00C04F79EFBC}") = "GSCLogin1", "GSCLogin\GSCLogin1.csproj", "{8682B292-1847-46BD-8ABF-CAEC7A54F1EA}"
EndProject
Project("{FAE04EC0-301F-11D3-BF4B-00C04F79EFBC}") = "ImageUtils", "ImageUtils\ImageUtils.csproj", "{74150EDB-B608-4187-8B2D-6D453FB4A5E0}"
EndProject
Project("{FAE04EC0-301F-11D3-BF4B-00C04F79EFBC}") = "JBTest", "JBTest\JBTest.csproj", "{DB9EE87D-D3C7-41A8-9E50-E098DD9FAB2D}"
EndProject
Project("{FAE04EC0-301F-11D3-BF4B-00C04F79EFBC}") = "Monitor", "Monitor\Monitor.csproj", "{0663354F-536C-4976-8688-2B7CC166FEBA}"
EndProject
Project("{FAE04EC0-301F-11D3-BF4B-00C04F79EFBC}") = "MutiThreadWinform", "MutiThreadWinform\MutiThreadWinform.csproj", "{85CA0535-D348-46DB-ACBF-6E357783F972}"
EndProject
Project("{FAE04EC0-301F-11D3-BF4B-00C04F79EFBC}") = "MyWebProxy", "MyWebProxy\MyWebProxy.csproj", "{DDC950C4-8077-41E9-AF3C-EF3985E54EBE}"
EndProject
Project("{FAE04EC0-301F-11D3-BF4B-00C04F79EFBC}") = "PingTools", "PingTools\PingTools.csproj", "{0C0F266A-AF6E-4E6E-94D4-B77ACCF38063}"
EndProject
Project("{FAE04EC0-301F-11D3-BF4B-00C04F79EFBC}") = "SqlLiteTest", "SqlLiteTest\SqlLiteTest.csproj", "{0977E616-7DF7-455E-95F8-DEFDB0231A87}"
EndProject
Project("{FAE04EC0-301F-11D3-BF4B-00C04F79EFBC}") = "Test", "Test\Test.csproj", "{96C9D80C-28BA-42E0-951D-7D3BFF37EC06}"
EndProject
Project("{FAE04EC0-301F-11D3-BF4B-00C04F79EFBC}") = "WebserviceTest", "WebserviceTest\WebserviceTest.csproj", "{7EAD5F49-6449-4F94-889F-34DADAA0556F}"
EndProject
Project("{FAE04EC0-301F-11D3-BF4B-00C04F79EFBC}") = "WeChatQrCode", "WeChatQrCode\WeChatQrCode.csproj", "{870DBBD4-C9A0-44F8-AFB7-F20914D669E4}"
EndProject
Project("{FAE04EC0-301F-11D3-BF4B-00C04F79EFBC}") = "WeChatSendMessage", "WeChatSendMessage\WeChatSendMessage.csproj", "{A4C2C353-37EF-43CF-91FF-1C88E4A26309}"
EndProject
Project("{FAE04EC0-301F-11D3-BF4B-00C04F79EFBC}") = "WindowHanler", "WindowHanler\WindowHanler.csproj", "{575B32B7-CE4F-4C50-8EE4-6BB564D194F1}"
EndProject
Project("{FAE04EC0-301F-11D3-BF4B-00C04F79EFBC}") = "ZHLH.JSCD", "ZHLH.JSCD\ZHLH.JSCD.csproj", "{A04DA766-1AB7-450A-8274-59EBC082A6A5}"
EndProject
Project("{2150E333-8FDC-42A3-9474-1A3956D46DE8}") = "ClosePrj", "ClosePrj", "{9250339E-3612-4814-B351-2634E0ACFECC}"
EndProject
Project("{2150E333-8FDC-42A3-9474-1A3956D46DE8}") = "VPN", "VPN", "{34A228EB-5799-417C-AC9C-C617C7740C58}"
EndProject
Project("{FAE04EC0-301F-11D3-BF4B-00C04F79EFBC}") = "OperateTools", "OperateTools\OperateTools.csproj", "{6DEC9C21-0235-489E-92B8-00078FDF97A4}"
EndProject
Project("{2150E333-8FDC-42A3-9474-1A3956D46DE8}") = "BH", "BH", "{D00629A7-10BA-4523-BE7C-80F93261E76C}"
EndProject
Project("{FAE04EC0-301F-11D3-BF4B-00C04F79EFBC}") = "ChinaLifeTools", "ChinaLifeTools\ChinaLifeTools.csproj", "{B5461F1F-7798-4EB0-B8DE-1713A8028995}"
EndProject
Project("{FAE04EC0-301F-11D3-BF4B-00C04F79EFBC}") = "SocketServer", "SocketServer\SocketServer.csproj", "{FA5A4A3C-AAF3-4297-94BB-289537E4D3D9}"
EndProject
Project("{FAE04EC0-301F-11D3-BF4B-00C04F79EFBC}") = "SocketServer0", "SocketServer0\SocketServer0.csproj", "{842BCD4C-5342-4D55-AB8E-47D891BA5047}"
EndProject
Project("{2150E333-8FDC-42A3-9474-1A3956D46DE8}") = "Socket", "Socket", "{75B98CDA-7D59-4526-89D6-171FFF22199E}"
EndProject
Project("{FAE04EC0-301F-11D3-BF4B-00C04F79EFBC}") = "KeepVPNTools", "KeepVPNTools\KeepVPNTools.csproj", "{59F95661-75F4-4EE6-AA29-8D9379FE2592}"
EndProject
Project("{FAE04EC0-301F-11D3-BF4B-00C04F79EFBC}") = "UptService", "UptService\UptService.csproj", "{33015205-BA23-4844-B251-78D932883EB5}"
EndProject
Project("{FAE04EC0-301F-11D3-BF4B-00C04F79EFBC}") = "SocketClient", "C:\Users\bruce\source\repos\MyPrjs\MyPrj\SocketClient\SocketClient.csproj", "{2817E62A-C7CC-4535-B25A-F898FFF539AC}"
EndProject
Project("{2150E333-8FDC-42A3-9474-1A3956D46DE8}") = "代理工具", "代理工具", "{F85D1D1C-3F68-457A-BED5-89C3DADE744E}"
EndProject
Project("{FAE04EC0-301F-11D3-BF4B-00C04F79EFBC}") = "Common.Models", "Common.Models\Common.Models.csproj", "{D9682B8C-5A45-47BC-9001-BB556A649BC0}"
EndProject
Project("{FAE04EC0-301F-11D3-BF4B-00C04F79EFBC}") = "Common.Utils", "Common.Utils\Common.Utils.csproj", "{59945894-7833-4135-B978-A8F033D4FDC2}"
EndProject
Global
	GlobalSection(SolutionConfigurationPlatforms) = preSolution
		Debug|Any CPU = Debug|Any CPU
		Release|Any CPU = Release|Any CPU
	EndGlobalSection
	GlobalSection(ProjectConfigurationPlatforms) = postSolution
		{C28247FB-0C99-4A9C-9467-B755AE759F6C}.Debug|Any CPU.ActiveCfg = Debug|Any CPU
		{C28247FB-0C99-4A9C-9467-B755AE759F6C}.Debug|Any CPU.Build.0 = Debug|Any CPU
		{C28247FB-0C99-4A9C-9467-B755AE759F6C}.Release|Any CPU.ActiveCfg = Release|Any CPU
		{C28247FB-0C99-4A9C-9467-B755AE759F6C}.Release|Any CPU.Build.0 = Release|Any CPU
		{EB8F1053-5BF8-40AE-9883-53F32011D6D9}.Debug|Any CPU.ActiveCfg = Debug|Any CPU
		{EB8F1053-5BF8-40AE-9883-53F32011D6D9}.Debug|Any CPU.Build.0 = Debug|Any CPU
		{EB8F1053-5BF8-40AE-9883-53F32011D6D9}.Release|Any CPU.ActiveCfg = Release|Any CPU
		{EB8F1053-5BF8-40AE-9883-53F32011D6D9}.Release|Any CPU.Build.0 = Release|Any CPU
		{9C563D72-7A03-4241-9BA6-F77BCEA3E0FA}.Debug|Any CPU.ActiveCfg = Debug|Any CPU
		{9C563D72-7A03-4241-9BA6-F77BCEA3E0FA}.Debug|Any CPU.Build.0 = Debug|Any CPU
		{9C563D72-7A03-4241-9BA6-F77BCEA3E0FA}.Release|Any CPU.ActiveCfg = Release|Any CPU
		{9C563D72-7A03-4241-9BA6-F77BCEA3E0FA}.Release|Any CPU.Build.0 = Release|Any CPU
		{C86E38FA-DBD7-4B52-AE10-759C56118173}.Debug|Any CPU.ActiveCfg = Debug|Any CPU
		{C86E38FA-DBD7-4B52-AE10-759C56118173}.Debug|Any CPU.Build.0 = Debug|Any CPU
		{C86E38FA-DBD7-4B52-AE10-759C56118173}.Release|Any CPU.ActiveCfg = Release|Any CPU
		{C86E38FA-DBD7-4B52-AE10-759C56118173}.Release|Any CPU.Build.0 = Release|Any CPU
		{AD2BB4F8-4451-4B43-9FEF-9642C4414F62}.Debug|Any CPU.ActiveCfg = Debug|Any CPU
		{AD2BB4F8-4451-4B43-9FEF-9642C4414F62}.Debug|Any CPU.Build.0 = Debug|Any CPU
		{AD2BB4F8-4451-4B43-9FEF-9642C4414F62}.Release|Any CPU.ActiveCfg = Release|Any CPU
		{AD2BB4F8-4451-4B43-9FEF-9642C4414F62}.Release|Any CPU.Build.0 = Release|Any CPU
		{4177E0F6-3562-45F0-A1DF-2BC24BF7FFEB}.Debug|Any CPU.ActiveCfg = Debug|Any CPU
		{4177E0F6-3562-45F0-A1DF-2BC24BF7FFEB}.Debug|Any CPU.Build.0 = Debug|Any CPU
		{4177E0F6-3562-45F0-A1DF-2BC24BF7FFEB}.Release|Any CPU.ActiveCfg = Release|Any CPU
		{4177E0F6-3562-45F0-A1DF-2BC24BF7FFEB}.Release|Any CPU.Build.0 = Release|Any CPU
		{C2A2483D-E2E4-49FE-9F88-4ABB2099C3A3}.Debug|Any CPU.ActiveCfg = Debug|Any CPU
		{C2A2483D-E2E4-49FE-9F88-4ABB2099C3A3}.Debug|Any CPU.Build.0 = Debug|Any CPU
		{C2A2483D-E2E4-49FE-9F88-4ABB2099C3A3}.Release|Any CPU.ActiveCfg = Release|Any CPU
		{C2A2483D-E2E4-49FE-9F88-4ABB2099C3A3}.Release|Any CPU.Build.0 = Release|Any CPU
		{A8062728-9822-4830-9D78-86ECC990B810}.Debug|Any CPU.ActiveCfg = Debug|Any CPU
		{A8062728-9822-4830-9D78-86ECC990B810}.Debug|Any CPU.Build.0 = Debug|Any CPU
		{A8062728-9822-4830-9D78-86ECC990B810}.Release|Any CPU.ActiveCfg = Release|Any CPU
		{A8062728-9822-4830-9D78-86ECC990B810}.Release|Any CPU.Build.0 = Release|Any CPU
		{6A9F3B02-6A35-4CEA-9590-70211E079AD6}.Debug|Any CPU.ActiveCfg = Debug|Any CPU
		{6A9F3B02-6A35-4CEA-9590-70211E079AD6}.Debug|Any CPU.Build.0 = Debug|Any CPU
		{6A9F3B02-6A35-4CEA-9590-70211E079AD6}.Release|Any CPU.ActiveCfg = Release|Any CPU
		{6A9F3B02-6A35-4CEA-9590-70211E079AD6}.Release|Any CPU.Build.0 = Release|Any CPU
		{8682B292-1847-46BD-8ABF-CAEC7A54F1EA}.Debug|Any CPU.ActiveCfg = Debug|Any CPU
		{8682B292-1847-46BD-8ABF-CAEC7A54F1EA}.Debug|Any CPU.Build.0 = Debug|Any CPU
		{8682B292-1847-46BD-8ABF-CAEC7A54F1EA}.Release|Any CPU.ActiveCfg = Release|Any CPU
		{8682B292-1847-46BD-8ABF-CAEC7A54F1EA}.Release|Any CPU.Build.0 = Release|Any CPU
		{74150EDB-B608-4187-8B2D-6D453FB4A5E0}.Debug|Any CPU.ActiveCfg = Debug|Any CPU
		{74150EDB-B608-4187-8B2D-6D453FB4A5E0}.Debug|Any CPU.Build.0 = Debug|Any CPU
		{74150EDB-B608-4187-8B2D-6D453FB4A5E0}.Release|Any CPU.ActiveCfg = Release|Any CPU
		{74150EDB-B608-4187-8B2D-6D453FB4A5E0}.Release|Any CPU.Build.0 = Release|Any CPU
		{DB9EE87D-D3C7-41A8-9E50-E098DD9FAB2D}.Debug|Any CPU.ActiveCfg = Debug|Any CPU
		{DB9EE87D-D3C7-41A8-9E50-E098DD9FAB2D}.Debug|Any CPU.Build.0 = Debug|Any CPU
		{DB9EE87D-D3C7-41A8-9E50-E098DD9FAB2D}.Release|Any CPU.ActiveCfg = Release|Any CPU
		{DB9EE87D-D3C7-41A8-9E50-E098DD9FAB2D}.Release|Any CPU.Build.0 = Release|Any CPU
		{0663354F-536C-4976-8688-2B7CC166FEBA}.Debug|Any CPU.ActiveCfg = Debug|Any CPU
		{0663354F-536C-4976-8688-2B7CC166FEBA}.Debug|Any CPU.Build.0 = Debug|Any CPU
		{0663354F-536C-4976-8688-2B7CC166FEBA}.Release|Any CPU.ActiveCfg = Release|Any CPU
		{0663354F-536C-4976-8688-2B7CC166FEBA}.Release|Any CPU.Build.0 = Release|Any CPU
		{85CA0535-D348-46DB-ACBF-6E357783F972}.Debug|Any CPU.ActiveCfg = Debug|Any CPU
		{85CA0535-D348-46DB-ACBF-6E357783F972}.Debug|Any CPU.Build.0 = Debug|Any CPU
		{85CA0535-D348-46DB-ACBF-6E357783F972}.Release|Any CPU.ActiveCfg = Release|Any CPU
		{85CA0535-D348-46DB-ACBF-6E357783F972}.Release|Any CPU.Build.0 = Release|Any CPU
		{DDC950C4-8077-41E9-AF3C-EF3985E54EBE}.Debug|Any CPU.ActiveCfg = Debug|Any CPU
		{DDC950C4-8077-41E9-AF3C-EF3985E54EBE}.Debug|Any CPU.Build.0 = Debug|Any CPU
		{DDC950C4-8077-41E9-AF3C-EF3985E54EBE}.Release|Any CPU.ActiveCfg = Release|Any CPU
		{DDC950C4-8077-41E9-AF3C-EF3985E54EBE}.Release|Any CPU.Build.0 = Release|Any CPU
		{0C0F266A-AF6E-4E6E-94D4-B77ACCF38063}.Debug|Any CPU.ActiveCfg = Debug|Any CPU
		{0C0F266A-AF6E-4E6E-94D4-B77ACCF38063}.Debug|Any CPU.Build.0 = Debug|Any CPU
		{0C0F266A-AF6E-4E6E-94D4-B77ACCF38063}.Release|Any CPU.ActiveCfg = Release|Any CPU
		{0C0F266A-AF6E-4E6E-94D4-B77ACCF38063}.Release|Any CPU.Build.0 = Release|Any CPU
		{0977E616-7DF7-455E-95F8-DEFDB0231A87}.Debug|Any CPU.ActiveCfg = Debug|Any CPU
		{0977E616-7DF7-455E-95F8-DEFDB0231A87}.Debug|Any CPU.Build.0 = Debug|Any CPU
		{0977E616-7DF7-455E-95F8-DEFDB0231A87}.Release|Any CPU.ActiveCfg = Release|Any CPU
		{0977E616-7DF7-455E-95F8-DEFDB0231A87}.Release|Any CPU.Build.0 = Release|Any CPU
		{96C9D80C-28BA-42E0-951D-7D3BFF37EC06}.Debug|Any CPU.ActiveCfg = Debug|Any CPU
		{96C9D80C-28BA-42E0-951D-7D3BFF37EC06}.Debug|Any CPU.Build.0 = Debug|Any CPU
		{96C9D80C-28BA-42E0-951D-7D3BFF37EC06}.Release|Any CPU.ActiveCfg = Release|Any CPU
		{96C9D80C-28BA-42E0-951D-7D3BFF37EC06}.Release|Any CPU.Build.0 = Release|Any CPU
		{7EAD5F49-6449-4F94-889F-34DADAA0556F}.Debug|Any CPU.ActiveCfg = Debug|Any CPU
		{7EAD5F49-6449-4F94-889F-34DADAA0556F}.Debug|Any CPU.Build.0 = Debug|Any CPU
		{7EAD5F49-6449-4F94-889F-34DADAA0556F}.Release|Any CPU.ActiveCfg = Release|Any CPU
		{7EAD5F49-6449-4F94-889F-34DADAA0556F}.Release|Any CPU.Build.0 = Release|Any CPU
		{870DBBD4-C9A0-44F8-AFB7-F20914D669E4}.Debug|Any CPU.ActiveCfg = Debug|Any CPU
		{870DBBD4-C9A0-44F8-AFB7-F20914D669E4}.Debug|Any CPU.Build.0 = Debug|Any CPU
		{870DBBD4-C9A0-44F8-AFB7-F20914D669E4}.Release|Any CPU.ActiveCfg = Release|Any CPU
		{870DBBD4-C9A0-44F8-AFB7-F20914D669E4}.Release|Any CPU.Build.0 = Release|Any CPU
		{A4C2C353-37EF-43CF-91FF-1C88E4A26309}.Debug|Any CPU.ActiveCfg = Debug|Any CPU
		{A4C2C353-37EF-43CF-91FF-1C88E4A26309}.Debug|Any CPU.Build.0 = Debug|Any CPU
		{A4C2C353-37EF-43CF-91FF-1C88E4A26309}.Release|Any CPU.ActiveCfg = Release|Any CPU
		{A4C2C353-37EF-43CF-91FF-1C88E4A26309}.Release|Any CPU.Build.0 = Release|Any CPU
		{575B32B7-CE4F-4C50-8EE4-6BB564D194F1}.Debug|Any CPU.ActiveCfg = Debug|Any CPU
		{575B32B7-CE4F-4C50-8EE4-6BB564D194F1}.Debug|Any CPU.Build.0 = Debug|Any CPU
		{575B32B7-CE4F-4C50-8EE4-6BB564D194F1}.Release|Any CPU.ActiveCfg = Release|Any CPU
		{575B32B7-CE4F-4C50-8EE4-6BB564D194F1}.Release|Any CPU.Build.0 = Release|Any CPU
		{A04DA766-1AB7-450A-8274-59EBC082A6A5}.Debug|Any CPU.ActiveCfg = Debug|Any CPU
		{A04DA766-1AB7-450A-8274-59EBC082A6A5}.Debug|Any CPU.Build.0 = Debug|Any CPU
		{A04DA766-1AB7-450A-8274-59EBC082A6A5}.Release|Any CPU.ActiveCfg = Release|Any CPU
		{A04DA766-1AB7-450A-8274-59EBC082A6A5}.Release|Any CPU.Build.0 = Release|Any CPU
		{6DEC9C21-0235-489E-92B8-00078FDF97A4}.Debug|Any CPU.ActiveCfg = Debug|Any CPU
		{6DEC9C21-0235-489E-92B8-00078FDF97A4}.Debug|Any CPU.Build.0 = Debug|Any CPU
		{6DEC9C21-0235-489E-92B8-00078FDF97A4}.Release|Any CPU.ActiveCfg = Release|Any CPU
		{6DEC9C21-0235-489E-92B8-00078FDF97A4}.Release|Any CPU.Build.0 = Release|Any CPU
		{B5461F1F-7798-4EB0-B8DE-1713A8028995}.Debug|Any CPU.ActiveCfg = Debug|Any CPU
		{B5461F1F-7798-4EB0-B8DE-1713A8028995}.Debug|Any CPU.Build.0 = Debug|Any CPU
		{B5461F1F-7798-4EB0-B8DE-1713A8028995}.Release|Any CPU.ActiveCfg = Release|Any CPU
		{B5461F1F-7798-4EB0-B8DE-1713A8028995}.Release|Any CPU.Build.0 = Release|Any CPU
		{FA5A4A3C-AAF3-4297-94BB-289537E4D3D9}.Debug|Any CPU.ActiveCfg = Debug|Any CPU
		{FA5A4A3C-AAF3-4297-94BB-289537E4D3D9}.Debug|Any CPU.Build.0 = Debug|Any CPU
		{FA5A4A3C-AAF3-4297-94BB-289537E4D3D9}.Release|Any CPU.ActiveCfg = Release|Any CPU
		{FA5A4A3C-AAF3-4297-94BB-289537E4D3D9}.Release|Any CPU.Build.0 = Release|Any CPU
		{842BCD4C-5342-4D55-AB8E-47D891BA5047}.Debug|Any CPU.ActiveCfg = Debug|Any CPU
		{842BCD4C-5342-4D55-AB8E-47D891BA5047}.Debug|Any CPU.Build.0 = Debug|Any CPU
		{842BCD4C-5342-4D55-AB8E-47D891BA5047}.Release|Any CPU.ActiveCfg = Release|Any CPU
		{842BCD4C-5342-4D55-AB8E-47D891BA5047}.Release|Any CPU.Build.0 = Release|Any CPU
		{59F95661-75F4-4EE6-AA29-8D9379FE2592}.Debug|Any CPU.ActiveCfg = Debug|Any CPU
		{59F95661-75F4-4EE6-AA29-8D9379FE2592}.Debug|Any CPU.Build.0 = Debug|Any CPU
		{59F95661-75F4-4EE6-AA29-8D9379FE2592}.Release|Any CPU.ActiveCfg = Release|Any CPU
		{59F95661-75F4-4EE6-AA29-8D9379FE2592}.Release|Any CPU.Build.0 = Release|Any CPU
		{33015205-BA23-4844-B251-78D932883EB5}.Debug|Any CPU.ActiveCfg = Debug|Any CPU
		{33015205-BA23-4844-B251-78D932883EB5}.Debug|Any CPU.Build.0 = Debug|Any CPU
		{33015205-BA23-4844-B251-78D932883EB5}.Release|Any CPU.ActiveCfg = Release|Any CPU
		{33015205-BA23-4844-B251-78D932883EB5}.Release|Any CPU.Build.0 = Release|Any CPU
		{2817E62A-C7CC-4535-B25A-F898FFF539AC}.Debug|Any CPU.ActiveCfg = Debug|Any CPU
		{2817E62A-C7CC-4535-B25A-F898FFF539AC}.Debug|Any CPU.Build.0 = Debug|Any CPU
		{2817E62A-C7CC-4535-B25A-F898FFF539AC}.Release|Any CPU.ActiveCfg = Release|Any CPU
		{2817E62A-C7CC-4535-B25A-F898FFF539AC}.Release|Any CPU.Build.0 = Release|Any CPU
		{D9682B8C-5A45-47BC-9001-BB556A649BC0}.Debug|Any CPU.ActiveCfg = Debug|Any CPU
		{D9682B8C-5A45-47BC-9001-BB556A649BC0}.Debug|Any CPU.Build.0 = Debug|Any CPU
		{D9682B8C-5A45-47BC-9001-BB556A649BC0}.Release|Any CPU.ActiveCfg = Release|Any CPU
		{D9682B8C-5A45-47BC-9001-BB556A649BC0}.Release|Any CPU.Build.0 = Release|Any CPU
		{59945894-7833-4135-B978-A8F033D4FDC2}.Debug|Any CPU.ActiveCfg = Debug|Any CPU
		{59945894-7833-4135-B978-A8F033D4FDC2}.Debug|Any CPU.Build.0 = Debug|Any CPU
		{59945894-7833-4135-B978-A8F033D4FDC2}.Release|Any CPU.ActiveCfg = Release|Any CPU
		{59945894-7833-4135-B978-A8F033D4FDC2}.Release|Any CPU.Build.0 = Release|Any CPU
	EndGlobalSection
	GlobalSection(SolutionProperties) = preSolution
		HideSolutionNode = FALSE
	EndGlobalSection
	GlobalSection(NestedProjects) = preSolution
		{C28247FB-0C99-4A9C-9467-B755AE759F6C} = {34A228EB-5799-417C-AC9C-C617C7740C58}
		{EB8F1053-5BF8-40AE-9883-53F32011D6D9} = {9250339E-3612-4814-B351-2634E0ACFECC}
		{9C563D72-7A03-4241-9BA6-F77BCEA3E0FA} = {9250339E-3612-4814-B351-2634E0ACFECC}
		{C86E38FA-DBD7-4B52-AE10-759C56118173} = {9250339E-3612-4814-B351-2634E0ACFECC}
		{6A9F3B02-6A35-4CEA-9590-70211E079AD6} = {9250339E-3612-4814-B351-2634E0ACFECC}
		{B5461F1F-7798-4EB0-B8DE-1713A8028995} = {F85D1D1C-3F68-457A-BED5-89C3DADE744E}
		{FA5A4A3C-AAF3-4297-94BB-289537E4D3D9} = {75B98CDA-7D59-4526-89D6-171FFF22199E}
		{842BCD4C-5342-4D55-AB8E-47D891BA5047} = {75B98CDA-7D59-4526-89D6-171FFF22199E}
		{59F95661-75F4-4EE6-AA29-8D9379FE2592} = {34A228EB-5799-417C-AC9C-C617C7740C58}
		{33015205-BA23-4844-B251-78D932883EB5} = {F85D1D1C-3F68-457A-BED5-89C3DADE744E}
		{2817E62A-C7CC-4535-B25A-F898FFF539AC} = {75B98CDA-7D59-4526-89D6-171FFF22199E}
		{F85D1D1C-3F68-457A-BED5-89C3DADE744E} = {D00629A7-10BA-4523-BE7C-80F93261E76C}
		{D9682B8C-5A45-47BC-9001-BB556A649BC0} = {F85D1D1C-3F68-457A-BED5-89C3DADE744E}
		{59945894-7833-4135-B978-A8F033D4FDC2} = {F85D1D1C-3F68-457A-BED5-89C3DADE744E}
	EndGlobalSection
	GlobalSection(ExtensibilityGlobals) = postSolution
		SolutionGuid = {023BF88B-016C-4CBE-8864-254C0BC44007}
	EndGlobalSection
EndGlobal
